// !$*UTF8*$!
{
	archiveVersion = 1;
	classes = {
	};
	objectVersion = 50;
	objects = {

/* Begin PBXBuildFile section */
		B255E2B5253FB7D8001B4F57 /* AppDelegate.swift in Sources */ = {isa = PBXBuildFile; fileRef = B255E2B4253FB7D8001B4F57 /* AppDelegate.swift */; };
		B255E2B7253FB7D8001B4F57 /* SceneDelegate.swift in Sources */ = {isa = PBXBuildFile; fileRef = B255E2B6253FB7D8001B4F57 /* SceneDelegate.swift */; };
		B255E2B9253FB7D8001B4F57 /* ViewController.swift in Sources */ = {isa = PBXBuildFile; fileRef = B255E2B8253FB7D8001B4F57 /* ViewController.swift */; };
		B255E2BC253FB7D8001B4F57 /* Main.storyboard in Resources */ = {isa = PBXBuildFile; fileRef = B255E2BA253FB7D8001B4F57 /* Main.storyboard */; };
		B255E2BE253FB7DB001B4F57 /* Assets.xcassets in Resources */ = {isa = PBXBuildFile; fileRef = B255E2BD253FB7DB001B4F57 /* Assets.xcassets */; };
		B255E2C1253FB7DB001B4F57 /* LaunchScreen.storyboard in Resources */ = {isa = PBXBuildFile; fileRef = B255E2BF253FB7DB001B4F57 /* LaunchScreen.storyboard */; };
		B255E2CF253FB818001B4F57 /* Carro.swift in Sources */ = {isa = PBXBuildFile; fileRef = B255E2CE253FB818001B4F57 /* Carro.swift */; };
		B255E2D3253FB848001B4F57 /* carros.json in Resources */ = {isa = PBXBuildFile; fileRef = B255E2D2253FB848001B4F57 /* carros.json */; };
		B255E2D6253FB949001B4F57 /* CarroProvider.swift in Sources */ = {isa = PBXBuildFile; fileRef = B255E2D5253FB949001B4F57 /* CarroProvider.swift */; };
		B255E2DA253FBA1D001B4F57 /* CarrosWorker.swift in Sources */ = {isa = PBXBuildFile; fileRef = B255E2D9253FBA1D001B4F57 /* CarrosWorker.swift */; };
/* End PBXBuildFile section */

/* Begin PBXFileReference section */
		B255E2B1253FB7D8001B4F57 /* ListaCarros.app */ = {isa = PBXFileReference; explicitFileType = wrapper.application; includeInIndex = 0; path = ListaCarros.app; sourceTree = BUILT_PRODUCTS_DIR; };
		B255E2B4253FB7D8001B4F57 /* AppDelegate.swift */ = {isa = PBXFileReference; lastKnownFileType = sourcecode.swift; path = AppDelegate.swift; sourceTree = "<group>"; };
		B255E2B6253FB7D8001B4F57 /* SceneDelegate.swift */ = {isa = PBXFileReference; lastKnownFileType = sourcecode.swift; path = SceneDelegate.swift; sourceTree = "<group>"; };
		B255E2B8253FB7D8001B4F57 /* ViewController.swift */ = {isa = PBXFileReference; lastKnownFileType = sourcecode.swift; path = ViewController.swift; sourceTree = "<group>"; };
		B255E2BB253FB7D8001B4F57 /* Base */ = {isa = PBXFileReference; lastKnownFileType = file.storyboard; name = Base; path = Base.lproj/Main.storyboard; sourceTree = "<group>"; };
		B255E2BD253FB7DB001B4F57 /* Assets.xcassets */ = {isa = PBXFileReference; lastKnownFileType = folder.assetcatalog; path = Assets.xcassets; sourceTree = "<group>"; };
		B255E2C0253FB7DB001B4F57 /* Base */ = {isa = PBXFileReference; lastKnownFileType = file.storyboard; name = Base; path = Base.lproj/LaunchScreen.storyboard; sourceTree = "<group>"; };
		B255E2C2253FB7DB001B4F57 /* Info.plist */ = {isa = PBXFileReference; lastKnownFileType = text.plist.xml; path = Info.plist; sourceTree = "<group>"; };
		B255E2CE253FB818001B4F57 /* Carro.swift */ = {isa = PBXFileReference; lastKnownFileType = sourcecode.swift; path = Carro.swift; sourceTree = "<group>"; };
		B255E2D2253FB848001B4F57 /* carros.json */ = {isa = PBXFileReference; fileEncoding = 4; lastKnownFileType = text.json; path = carros.json; sourceTree = "<group>"; };
		B255E2D5253FB949001B4F57 /* CarroProvider.swift */ = {isa = PBXFileReference; lastKnownFileType = sourcecode.swift; path = CarroProvider.swift; sourceTree = "<group>"; };
		B255E2D9253FBA1D001B4F57 /* CarrosWorker.swift */ = {isa = PBXFileReference; lastKnownFileType = sourcecode.swift; path = CarrosWorker.swift; sourceTree = "<group>"; };
/* End PBXFileReference section */

/* Begin PBXFrameworksBuildPhase section */
		B255E2AE253FB7D8001B4F57 /* Frameworks */ = {
			isa = PBXFrameworksBuildPhase;
			buildActionMask = 2147483647;
			files = (
			);
			runOnlyForDeploymentPostprocessing = 0;
		};
/* End PBXFrameworksBuildPhase section */

/* Begin PBXGroup section */
		B255E2A8253FB7D8001B4F57 = {
			isa = PBXGroup;
			children = (
				B255E2B3253FB7D8001B4F57 /* ListaCarros */,
				B255E2B2253FB7D8001B4F57 /* Products */,
			);
			sourceTree = "<group>";
		};
		B255E2B2253FB7D8001B4F57 /* Products */ = {
			isa = PBXGroup;
			children = (
				B255E2B1253FB7D8001B4F57 /* ListaCarros.app */,
			);
			name = Products;
			sourceTree = "<group>";
		};
		B255E2B3253FB7D8001B4F57 /* ListaCarros */ = {
			isa = PBXGroup;
			children = (
				B255E2D2253FB848001B4F57 /* carros.json */,
				B255E2CD253FB801001B4F57 /* Controller */,
				B255E2CC253FB7FA001B4F57 /* Network */,
				B255E2CB253FB7F3001B4F57 /* Model */,
				B255E2C9253FB7E2001B4F57 /* View */,
				B255E2B4253FB7D8001B4F57 /* AppDelegate.swift */,
				B255E2B6253FB7D8001B4F57 /* SceneDelegate.swift */,
				B255E2BD253FB7DB001B4F57 /* Assets.xcassets */,
				B255E2BF253FB7DB001B4F57 /* LaunchScreen.storyboard */,
				B255E2C2253FB7DB001B4F57 /* Info.plist */,
			);
			path = ListaCarros;
			sourceTree = "<group>";
		};
		B255E2C9253FB7E2001B4F57 /* View */ = {
			isa = PBXGroup;
			children = (
				B255E2B8253FB7D8001B4F57 /* ViewController.swift */,
				B255E2BA253FB7D8001B4F57 /* Main.storyboard */,
			);
			path = View;
			sourceTree = "<group>";
		};
		B255E2CB253FB7F3001B4F57 /* Model */ = {
			isa = PBXGroup;
			children = (
				B255E2CE253FB818001B4F57 /* Carro.swift */,
			);
			path = Model;
			sourceTree = "<group>";
		};
		B255E2CC253FB7FA001B4F57 /* Network */ = {
			isa = PBXGroup;
			children = (
				B255E2D9253FBA1D001B4F57 /* CarrosWorker.swift */,
			);
			path = Network;
			sourceTree = "<group>";
		};
		B255E2CD253FB801001B4F57 /* Controller */ = {
			isa = PBXGroup;
			children = (
				B255E2D5253FB949001B4F57 /* CarroProvider.swift */,
			);
			path = Controller;
			sourceTree = "<group>";
		};
/* End PBXGroup section */

/* Begin PBXNativeTarget section */
		B255E2B0253FB7D8001B4F57 /* ListaCarros */ = {
			isa = PBXNativeTarget;
			buildConfigurationList = B255E2C5253FB7DB001B4F57 /* Build configuration list for PBXNativeTarget "ListaCarros" */;
			buildPhases = (
				B255E2AD253FB7D8001B4F57 /* Sources */,
				B255E2AE253FB7D8001B4F57 /* Frameworks */,
				B255E2AF253FB7D8001B4F57 /* Resources */,
			);
			buildRules = (
			);
			dependencies = (
			);
			name = ListaCarros;
			productName = ListaCarros;
			productReference = B255E2B1253FB7D8001B4F57 /* ListaCarros.app */;
			productType = "com.apple.product-type.application";
		};
/* End PBXNativeTarget section */

/* Begin PBXProject section */
		B255E2A9253FB7D8001B4F57 /* Project object */ = {
			isa = PBXProject;
			attributes = {
				LastSwiftUpdateCheck = 1200;
				LastUpgradeCheck = 1200;
				TargetAttributes = {
					B255E2B0253FB7D8001B4F57 = {
						CreatedOnToolsVersion = 12.0.1;
					};
				};
			};
			buildConfigurationList = B255E2AC253FB7D8001B4F57 /* Build configuration list for PBXProject "ListaCarros" */;
			compatibilityVersion = "Xcode 9.3";
			developmentRegion = en;
			hasScannedForEncodings = 0;
			knownRegions = (
				en,
				Base,
			);
			mainGroup = B255E2A8253FB7D8001B4F57;
			productRefGroup = B255E2B2253FB7D8001B4F57 /* Products */;
			projectDirPath = "";
			projectRoot = "";
			targets = (
				B255E2B0253FB7D8001B4F57 /* ListaCarros */,
			);
		};
/* End PBXProject section */

/* Begin PBXResourcesBuildPhase section */
		B255E2AF253FB7D8001B4F57 /* Resources */ = {
			isa = PBXResourcesBuildPhase;
			buildActionMask = 2147483647;
			files = (
				B255E2C1253FB7DB001B4F57 /* LaunchScreen.storyboard in Resources */,
				B255E2D3253FB848001B4F57 /* carros.json in Resources */,
				B255E2BE253FB7DB001B4F57 /* Assets.xcassets in Resources */,
				B255E2BC253FB7D8001B4F57 /* Main.storyboard in Resources */,
			);
			runOnlyForDeploymentPostprocessing = 0;
		};
/* End PBXResourcesBuildPhase section */

/* Begin PBXSourcesBuildPhase section */
		B255E2AD253FB7D8001B4F57 /* Sources */ = {
			isa = PBXSourcesBuildPhase;
			buildActionMask = 2147483647;
			files = (
				B255E2B9253FB7D8001B4F57 /* ViewController.swift in Sources */,
				B255E2CF253FB818001B4F57 /* Carro.swift in Sources */,
				B255E2DA253FBA1D001B4F57 /* CarrosWorker.swift in Sources */,
				B255E2D6253FB949001B4F57 /* CarroProvider.swift in Sources */,
				B255E2B5253FB7D8001B4F57 /* AppDelegate.swift in Sources */,
				B255E2B7253FB7D8001B4F57 /* SceneDelegate.swift in Sources */,
			);
			runOnlyForDeploymentPostprocessing = 0;
		};
/* End PBXSourcesBuildPhase section */

/* Begin PBXVariantGroup section */
		B255E2BA253FB7D8001B4F57 /* Main.storyboard */ = {
			isa = PBXVariantGroup;
			children = (
				B255E2BB253FB7D8001B4F57 /* Base */,
			);
			name = Main.storyboard;
			sourceTree = "<group>";
		};
		B255E2BF253FB7DB001B4F57 /* LaunchScreen.storyboard */ = {
			isa = PBXVariantGroup;
			children = (
				B255E2C0253FB7DB001B4F57 /* Base */,
			);
			name = LaunchScreen.storyboard;
			sourceTree = "<group>";
		};
/* End PBXVariantGroup section */

/* Begin XCBuildConfiguration section */
		B255E2C3253FB7DB001B4F57 /* Debug */ = {
			isa = XCBuildConfiguration;
			buildSettings = {
				ALWAYS_SEARCH_USER_PATHS = NO;
				CLANG_ANALYZER_NONNULL = YES;
				CLANG_ANALYZER_NUMBER_OBJECT_CONVERSION = YES_AGGRESSIVE;
				CLANG_CXX_LANGUAGE_STANDARD = "gnu++14";
				CLANG_CXX_LIBRARY = "libc++";
				CLANG_ENABLE_MODULES = YES;
				CLANG_ENABLE_OBJC_ARC = YES;
				CLANG_ENABLE_OBJC_WEAK = YES;
				CLANG_WARN_BLOCK_CAPTURE_AUTORELEASING = YES;
				CLANG_WARN_BOOL_CONVERSION = YES;
				CLANG_WARN_COMMA = YES;
				CLANG_WARN_CONSTANT_CONVERSION = YES;
				CLANG_WARN_DEPRECATED_OBJC_IMPLEMENTATIONS = YES;
				CLANG_WARN_DIRECT_OBJC_ISA_USAGE = YES_ERROR;
				CLANG_WARN_DOCUMENTATION_COMMENTS = YES;
				CLANG_WARN_EMPTY_BODY = YES;
				CLANG_WARN_ENUM_CONVERSION = YES;
				CLANG_WARN_INFINITE_RECURSION = YES;
				CLANG_WARN_INT_CONVERSION = YES;
				CLANG_WARN_NON_LITERAL_NULL_CONVERSION = YES;
				CLANG_WARN_OBJC_IMPLICIT_RETAIN_SELF = YES;
				CLANG_WARN_OBJC_LITERAL_CONVERSION = YES;
				CLANG_WARN_OBJC_ROOT_CLASS = YES_ERROR;
				CLANG_WARN_QUOTED_INCLUDE_IN_FRAMEWORK_HEADER = YES;
				CLANG_WARN_RANGE_LOOP_ANALYSIS = YES;
				CLANG_WARN_STRICT_PROTOTYPES = YES;
				CLANG_WARN_SUSPICIOUS_MOVE = YES;
				CLANG_WARN_UNGUARDED_AVAILABILITY = YES_AGGRESSIVE;
				CLANG_WARN_UNREACHABLE_CODE = YES;
				CLANG_WARN__DUPLICATE_METHOD_MATCH = YES;
				COPY_PHASE_STRIP = NO;
				DEBUG_INFORMATION_FORMAT = dwarf;
				ENABLE_STRICT_OBJC_MSGSEND = YES;
				ENABLE_TESTABILITY = YES;
				GCC_C_LANGUAGE_STANDARD = gnu11;
				GCC_DYNAMIC_NO_PIC = NO;
				GCC_NO_COMMON_BLOCKS = YES;
				GCC_OPTIMIZATION_LEVEL = 0;
				GCC_PREPROCESSOR_DEFINITIONS = (
					"DEBUG=1",
					"$(inherited)",
				);
				GCC_WARN_64_TO_32_BIT_CONVERSION = YES;
				GCC_WARN_ABOUT_RETURN_TYPE = YES_ERROR;
				GCC_WARN_UNDECLARED_SELECTOR = YES;
				GCC_WARN_UNINITIALIZED_AUTOS = YES_AGGRESSIVE;
				GCC_WARN_UNUSED_FUNCTION = YES;
				GCC_WARN_UNUSED_VARIABLE = YES;
				IPHONEOS_DEPLOYMENT_TARGET = 14.0;
				MTL_ENABLE_DEBUG_INFO = INCLUDE_SOURCE;
				MTL_FAST_MATH = YES;
				ONLY_ACTIVE_ARCH = YES;
				SDKROOT = iphoneos;
				SWIFT_ACTIVE_COMPILATION_CONDITIONS = DEBUG;
				SWIFT_OPTIMIZATION_LEVEL = "-Onone";
			};
			name = Debug;
		};
		B255E2C4253FB7DB001B4F57 /* Release */ = {
			isa = XCBuildConfiguration;
			buildSettings = {
				ALWAYS_SEARCH_USER_PATHS = NO;
				CLANG_ANALYZER_NONNULL = YES;
				CLANG_ANALYZER_NUMBER_OBJECT_CONVERSION = YES_AGGRESSIVE;
				CLANG_CXX_LANGUAGE_STANDARD = "gnu++14";
				CLANG_CXX_LIBRARY = "libc++";
				CLANG_ENABLE_MODULES = YES;
				CLANG_ENABLE_OBJC_ARC = YES;
				CLANG_ENABLE_OBJC_WEAK = YES;
				CLANG_WARN_BLOCK_CAPTURE_AUTORELEASING = YES;
				CLANG_WARN_BOOL_CONVERSION = YES;
				CLANG_WARN_COMMA = YES;
				CLANG_WARN_CONSTANT_CONVERSION = YES;
				CLANG_WARN_DEPRECATED_OBJC_IMPLEMENTATIONS = YES;
				CLANG_WARN_DIRECT_OBJC_ISA_USAGE = YES_ERROR;
				CLANG_WARN_DOCUMENTATION_COMMENTS = YES;
				CLANG_WARN_EMPTY_BODY = YES;
				CLANG_WARN_ENUM_CONVERSION = YES;
				CLANG_WARN_INFINITE_RECURSION = YES;
				CLANG_WARN_INT_CONVERSION = YES;
				CLANG_WARN_NON_LITERAL_NULL_CONVERSION = YES;
				CLANG_WARN_OBJC_IMPLICIT_RETAIN_SELF = YES;
				CLANG_WARN_OBJC_LITERAL_CONVERSION = YES;
				CLANG_WARN_OBJC_ROOT_CLASS = YES_ERROR;
				CLANG_WARN_QUOTED_INCLUDE_IN_FRAMEWORK_HEADER = YES;
				CLANG_WARN_RANGE_LOOP_ANALYSIS = YES;
				CLANG_WARN_STRICT_PROTOTYPES = YES;
				CLANG_WARN_SUSPICIOUS_MOVE = YES;
				CLANG_WARN_UNGUARDED_AVAILABILITY = YES_AGGRESSIVE;
				CLANG_WARN_UNREACHABLE_CODE = YES;
				CLANG_WARN__DUPLICATE_METHOD_MATCH = YES;
				COPY_PHASE_STRIP = NO;
				DEBUG_INFORMATION_FORMAT = "dwarf-with-dsym";
				ENABLE_NS_ASSERTIONS = NO;
				ENABLE_STRICT_OBJC_MSGSEND = YES;
				GCC_C_LANGUAGE_STANDARD = gnu11;
				GCC_NO_COMMON_BLOCKS = YES;
				GCC_WARN_64_TO_32_BIT_CONVERSION = YES;
				GCC_WARN_ABOUT_RETURN_TYPE = YES_ERROR;
				GCC_WARN_UNDECLARED_SELECTOR = YES;
				GCC_WARN_UNINITIALIZED_AUTOS = YES_AGGRESSIVE;
				GCC_WARN_UNUSED_FUNCTION = YES;
				GCC_WARN_UNUSED_VARIABLE = YES;
				IPHONEOS_DEPLOYMENT_TARGET = 14.0;
				MTL_ENABLE_DEBUG_INFO = NO;
				MTL_FAST_MATH = YES;
				SDKROOT = iphoneos;
				SWIFT_COMPILATION_MODE = wholemodule;
				SWIFT_OPTIMIZATION_LEVEL = "-O";
				VALIDATE_PRODUCT = YES;
			};
			name = Release;
		};
		B255E2C6253FB7DB001B4F57 /* Debug */ = {
			isa = XCBuildConfiguration;
			buildSettings = {
				ASSETCATALOG_COMPILER_APPICON_NAME = AppIcon;
				ASSETCATALOG_COMPILER_GLOBAL_ACCENT_COLOR_NAME = AccentColor;
				CODE_SIGN_STYLE = Automatic;
				INFOPLIST_FILE = ListaCarros/Info.plist;
				LD_RUNPATH_SEARCH_PATHS = (
					"$(inherited)",
					"@executable_path/Frameworks",
				);
				PRODUCT_BUNDLE_IDENTIFIER = DigitalHouse.ListaCarros;
				PRODUCT_NAME = "$(TARGET_NAME)";
				SWIFT_VERSION = 5.0;
				TARGETED_DEVICE_FAMILY = "1,2";
			};
			name = Debug;
		};
		B255E2C7253FB7DB001B4F57 /* Release */ = {
			isa = XCBuildConfiguration;
			buildSettings = {
				ASSETCATALOG_COMPILER_APPICON_NAME = AppIcon;
				ASSETCATALOG_COMPILER_GLOBAL_ACCENT_COLOR_NAME = AccentColor;
				CODE_SIGN_STYLE = Automatic;
				INFOPLIST_FILE = ListaCarros/Info.plist;
				LD_RUNPATH_SEARCH_PATHS = (
					"$(inherited)",
					"@executable_path/Frameworks",
				);
				PRODUCT_BUNDLE_IDENTIFIER = DigitalHouse.ListaCarros;
				PRODUCT_NAME = "$(TARGET_NAME)";
				SWIFT_VERSION = 5.0;
				TARGETED_DEVICE_FAMILY = "1,2";
			};
			name = Release;
		};
/* End XCBuildConfiguration section */

/* Begin XCConfigurationList section */
		B255E2AC253FB7D8001B4F57 /* Build configuration list for PBXProject "ListaCarros" */ = {
			isa = XCConfigurationList;
			buildConfigurations = (
				B255E2C3253FB7DB001B4F57 /* Debug */,
				B255E2C4253FB7DB001B4F57 /* Release */,
			);
			defaultConfigurationIsVisible = 0;
			defaultConfigurationName = Release;
		};
		B255E2C5253FB7DB001B4F57 /* Build configuration list for PBXNativeTarget "ListaCarros" */ = {
			isa = XCConfigurationList;
			buildConfigurations = (
				B255E2C6253FB7DB001B4F57 /* Debug */,
				B255E2C7253FB7DB001B4F57 /* Release */,
			);
			defaultConfigurationIsVisible = 0;
			defaultConfigurationName = Release;
		};
/* End XCConfigurationList section */
	};
	rootObject = B255E2A9253FB7D8001B4F57 /* Project object */;
}
